
Microsoft Visual Studio Solution File, Format Version 12.00
# Visual Studio Version 17
VisualStudioVersion = 17.0.31912.275
MinimumVisualStudioVersion = 10.0.40219.1
Project("{FAE04EC0-301F-11D3-BF4B-00C04F79EFBC}") = "DimensionsGlobalizer", "DimensionsGlobalizer\DimensionsGlobalizer.csproj", "{6165399B-BA62-469B-A56A-D96F34D4CE4B}"
EndProject
Global
	GlobalSection(SolutionConfigurationPlatforms) = preSolution
		Debug|Any CPU = Debug|Any CPU
		Release|Any CPU = Release|Any CPU
	EndGlobalSection
	GlobalSection(ProjectConfigurationPlatforms) = postSolution
		{6165399B-BA62-469B-A56A-D96F34D4CE4B}.Debug|Any CPU.ActiveCfg = Debug|Any CPU
		{6165399B-BA62-469B-A56A-D96F34D4CE4B}.Debug|Any CPU.Build.0 = Debug|Any CPU
		{6165399B-BA62-469B-A56A-D96F34D4CE4B}.Release|Any CPU.ActiveCfg = Release|Any CPU
		{6165399B-BA62-469B-A56A-D96F34D4CE4B}.Release|Any CPU.Build.0 = Release|Any CPU
	EndGlobalSection
	GlobalSection(SolutionProperties) = preSolution
		HideSolutionNode = FALSE
	EndGlobalSection
	GlobalSection(ExtensibilityGlobals) = postSolution
		SolutionGuid = {EB85B611-A8B7-472C-85E2-54328962097E}
	EndGlobalSection
EndGlobal
